GEM
  remote: http://rubygems.org/
  specs:
    addressable (2.8.9)
      public_suffix (>= 2.0.2, < 8.0)
    base64 (0.3.0)
    data_objects (0.10.17)
      addressable (~> 2.1)
    date (3.5.1)
    diff-lcs (1.6.2)
    dm-core (1.2.1)
      addressable (~> 2.3)
    dm-do-adapter (1.2.0)
      data_objects (~> 0.10.6)
      dm-core (~> 1.2.0)
    dm-migrations (1.2.0)
      dm-core (~> 1.2.0)
    dm-postgres-adapter (1.2.0)
      dm-do-adapter (~> 1.2.0)
      do_postgres (~> 0.10.6)
    dm-sqlite-adapter (1.2.0)
      dm-do-adapter (~> 1.2.0)
      do_sqlite3 (~> 0.10.6)
    do_postgres (0.10.17)
      data_objects (= 0.10.17)
    do_sqlite3 (0.10.17)
      data_objects (= 0.10.17)
    erb (6.0.2)
    haml (7.2.0)
      temple (>= 0.8.2)
      thor
      tilt
    hashie (5.1.0)
      logger
    logger (1.7.0)
    multi_json (1.19.1)
    mustermann (3.0.4)
      ruby2_keywords (~> 0.0.1)
    oauth (1.1.3)
      base64 (~> 0.1)
      oauth-tty (~> 1.0, >= 1.0.6)
      snaky_hash (~> 2.0)
      version_gem (~> 1.1, >= 1.1.9)
    oauth-tty (1.0.6)
      version_gem (~> 1.1, >= 1.1.9)
    omniauth (2.1.4)
      hashie (>= 3.4.6)
      logger
      rack (>= 2.2.3)
      rack-protection
    omniauth-oauth (1.2.1)
      oauth
      omniauth (>= 1.0, < 3)
      rack (>= 1.6.2, < 4)
    omniauth-twitter (1.4.0)
      omniauth-oauth (~> 1.1)
      rack
    psych (5.3.1)
      date
      stringio
    public_suffix (7.0.5)
    rack (3.2.6)
    rack-flash3 (1.0.5)
      rack
    rack-protection (4.2.1)
      base64 (>= 0.1.0)
      logger (>= 1.6.0)
      rack (>= 3.0.0, < 4)
    rack-session (2.1.2)
      base64 (>= 0.1.0)
      rack (>= 3.0.0)
    rcov (0.9.11)
    rdoc (7.2.0)
      erb
      psych (>= 4.0.0)
      tsort
    rspec (3.13.2)
      rspec-core (~> 3.13.0)
      rspec-expectations (~> 3.13.0)
      rspec-mocks (~> 3.13.0)
    rspec-core (3.13.6)
      rspec-support (~> 3.13.0)
    rspec-expectations (3.13.5)
      diff-lcs (>= 1.2.0, < 2.0)
      rspec-support (~> 3.13.0)
    rspec-mocks (3.13.8)
      diff-lcs (>= 1.2.0, < 2.0)
      rspec-support (~> 3.13.0)
    rspec-support (3.13.7)
    ruby2_keywords (0.0.5)
    simplecov (0.6.4)
      multi_json (~> 1.0)
      simplecov-html (~> 0.5.3)
    simplecov-html (0.5.3)
    sinatra (4.2.1)
      logger (>= 1.6.0)
      mustermann (~> 3.0)
      rack (>= 3.0.0, < 4)
      rack-protection (= 4.2.1)
      rack-session (>= 2.0.0, < 3)
      tilt (~> 2.0)
    snaky_hash (2.0.3)
      hashie (>= 0.1.0, < 6)
      version_gem (>= 1.1.8, < 3)
    sqlite3 (2.9.2-aarch64-linux-gnu)
    sqlite3 (2.9.2-aarch64-linux-musl)
    sqlite3 (2.9.2-arm-linux-gnu)
    sqlite3 (2.9.2-arm-linux-musl)
    sqlite3 (2.9.2-arm64-darwin)
    sqlite3 (2.9.2-x86-linux-gnu)
    sqlite3 (2.9.2-x86-linux-musl)
    sqlite3 (2.9.2-x86_64-darwin)
    sqlite3 (2.9.2-x86_64-linux-gnu)
    sqlite3 (2.9.2-x86_64-linux-musl)
    stringio (3.2.0)
    temple (0.10.4)
    thor (1.5.0)
    tilt (2.7.0)
    tsort (0.2.0)
    uuidtools (3.0.0)
    version_gem (1.1.9)

PLATFORMS
  aarch64-linux-gnu
  aarch64-linux-musl
  arm-linux-gnu
  arm-linux-musl
  arm64-darwin
  x86-linux-gnu
  x86-linux-musl
  x86_64-darwin
  x86_64-linux-gnu
  x86_64-linux-musl

DEPENDENCIES
  addressable
  dm-core
  dm-migrations
  dm-postgres-adapter
  dm-sqlite-adapter
  haml (>= 3.1.1)
  omniauth
  omniauth-twitter
  rack (>= 3.1.16)
  rack-flash3
  rcov (~> 0.9.11)
  rdoc (>= 2.4.0)
  rspec (~> 3)
  simplecov (~> 0.6.4)
  sinatra
  sqlite3
  uuidtools

CHECKSUMS
  addressable (2.8.9) sha256=cc154fcbe689711808a43601dee7b980238ce54368d23e127421753e46895485
  base64 (0.3.0) sha256=27337aeabad6ffae05c265c450490628ef3ebd4b67be58257393227588f5a97b
  data_objects (0.10.17) sha256=0dbf25d88758eaa56730f6f6f5156a9599297cf5198b9309e3c11586270bdca5
  date (3.5.1) sha256=750d06384d7b9c15d562c76291407d89e368dda4d4fff957eb94962d325a0dc0
  diff-lcs (1.6.2) sha256=9ae0d2cba7d4df3075fe8cd8602a8604993efc0dfa934cff568969efb1909962
  dm-core (1.2.1) sha256=dc2e77939da9dfbfeddeea95f141035841a0aa8a07bdcc23819d0667d43ca627
  dm-do-adapter (1.2.0) sha256=984c7cee9ef9b1d5b3569c23c040c83a30dc0f82e2633211e56a22acaba604ed
  dm-migrations (1.2.0) sha256=1130de72d93223f21ceea081a6a6ef65eeab4c46f93a069e2b3f48521f461912
  dm-postgres-adapter (1.2.0) sha256=8edace78d59486801dc9eaa6dae879ced6b0f0345efa98e0a567060d0a60fda9
  dm-sqlite-adapter (1.2.0) sha256=0c96433c662ac5505e396858a1f5afc26ca713ce0224e4f52867714978ee0957
  do_postgres (0.10.17) sha256=a8e6b28f7d65dc9d07cd62fb7ca404d5b8e1ce309922e18a6d9b16b0d366bd8a
  do_sqlite3 (0.10.17) sha256=8ebdac3d05c2711b7a8215937cbb5f5c97082a12515d3cab50e6f1273129bf3f
  erb (6.0.2) sha256=9fe6264d44f79422c87490a1558479bd0e7dad4dd0e317656e67ea3077b5242b
  haml (7.2.0) sha256=87fd2b71f7feab1724337b090a7d767f5ab2d42f08c974f3ead673f18cfcd55a
  hashie (5.1.0) sha256=c266471896f323c446ea8207f8ffac985d2718df0a0ba98651a3057096ca3870
  logger (1.7.0) sha256=196edec7cc44b66cfb40f9755ce11b392f21f7967696af15d274dde7edff0203
  multi_json (1.19.1) sha256=7aefeff8f2c854bf739931a238e4aea64592845e0c0395c8a7d2eea7fdd631b7
  mustermann (3.0.4) sha256=85fadcb6b3c6493a8b511b42426f904b7f27b282835502233dd154daab13aa22
  oauth (1.1.3) sha256=71ca1b534561bf31a9b2aee01147384064b555e796d1a0fe2591806bb4bdd633
  oauth-tty (1.0.6) sha256=9e8bd1861d367cce18318d8f214f2e1a1d7cb3898de0a9ea79162b4fdecb3152
  omniauth (2.1.4) sha256=42a05b0496f0d22e1dd85d42aaf602f064e36bb47a6826a27ab55e5ba608763c
  omniauth-oauth (1.2.1) sha256=25bf22c90234280fa825200490f03ff1ce7d76f1a4fbd6c882c6c5b169c58da8
  omniauth-twitter (1.4.0) sha256=c5cc6c77cd767745ffa9ebbd5fbd694a3fa99d1d2d82a4d7def0bf3b6131b264
  psych (5.3.1) sha256=eb7a57cef10c9d70173ff74e739d843ac3b2c019a003de48447b2963d81b1974
  public_suffix (7.0.5) sha256=1a8bb08f1bbea19228d3bed6e5ed908d1cb4f7c2726d18bd9cadf60bc676f623
  rack (3.2.6) sha256=5ed78e1f73b2e25679bec7d45ee2d4483cc4146eb1be0264fc4d94cb5ef212c2
  rack-flash3 (1.0.5) sha256=1f57e26429d7987fdb3c65a2f0da95717bed99ad3e5e45d847da689b9d4a3566
  rack-protection (4.2.1) sha256=cf6e2842df8c55f5e4d1a4be015e603e19e9bc3a7178bae58949ccbb58558bac
  rack-session (2.1.2) sha256=595434f8c0c3473ae7d7ac56ecda6cc6dfd9d37c0b2b5255330aa1576967ffe8
  rcov (0.9.11) sha256=4862265ea2b9c043bced2fd8c76a7a5da60bb50839d83e41224b35ba34e86ba7
  rdoc (7.2.0) sha256=8650f76cd4009c3b54955eb5d7e3a075c60a57276766ebf36f9085e8c9f23192
  rspec (3.13.2) sha256=206284a08ad798e61f86d7ca3e376718d52c0bc944626b2349266f239f820587
  rspec-core (3.13.6) sha256=a8823c6411667b60a8bca135364351dda34cd55e44ff94c4be4633b37d828b2d
  rspec-expectations (3.13.5) sha256=33a4d3a1d95060aea4c94e9f237030a8f9eae5615e9bd85718fe3a09e4b58836
  rspec-mocks (3.13.8) sha256=086ad3d3d17533f4237643de0b5c42f04b66348c28bf6b9c2d3f4a3b01af1d47
  rspec-support (3.13.7) sha256=0640e5570872aafefd79867901deeeeb40b0c9875a36b983d85f54fb7381c47c
  ruby2_keywords (0.0.5) sha256=ffd13740c573b7301cf7a2e61fc857b2a8e3d3aff32545d6f8300d8bae10e3ef
  simplecov (0.6.4) sha256=e305f5c9d0188f4b973ad80af064064e7136266e08bacf7d013ac29827881fd5
  simplecov-html (0.5.3) sha256=a8da9a5976f18abc4401bf89ad5e790ed464ba1f0ba858483127e3f8ed116d0a
  sinatra (4.2.1) sha256=b7aeb9b11d046b552972ade834f1f9be98b185fa8444480688e3627625377080
  snaky_hash (2.0.3) sha256=25a3d299566e8153fb02fa23fd9a9358845950f7a523ddbbe1fa1e0d79a6d456
  sqlite3 (2.9.2-aarch64-linux-gnu) sha256=eeb86db55645b85327ba75129e3614658d974bf4da8fdc87018a0d42c59f6e42
  sqlite3 (2.9.2-aarch64-linux-musl) sha256=4feff91fb8c2b13688da34b5627c9d1ed9cedb3ee87a7114ec82209147f07a6d
  sqlite3 (2.9.2-arm-linux-gnu) sha256=1ee2eb06b5301aaf5ce343a6e88d99ac932d95202d7b350f0e7b6d8d588580d7
  sqlite3 (2.9.2-arm-linux-musl) sha256=8ca0de6aceede968de0394e22e95d549834c4d8e318f69a92a52f049878a0057
  sqlite3 (2.9.2-arm64-darwin) sha256=d15bd9609a05f9d54930babe039585efc8cadd57517c15b64ec7dfa75158a5e9
  sqlite3 (2.9.2-x86-linux-gnu) sha256=066bc904522f8a7072236a81237c03a4a1dfe070a25107e392de03d1e4ad0e6d
  sqlite3 (2.9.2-x86-linux-musl) sha256=6503c76278f5e8629b12b6518ff43a9a4f6d9381de73f0b086c9fa1226db5ede
  sqlite3 (2.9.2-x86_64-darwin) sha256=ed691b5021674d72582d03c5a38e89634b961902735fb6225273892805421d13
  sqlite3 (2.9.2-x86_64-linux-gnu) sha256=dce83ffcb7e72f9f7aeb6e5404f15d277a45332fe18ccce8a8b3ed51e8d23aee
  sqlite3 (2.9.2-x86_64-linux-musl) sha256=e8dd906a613f13b60f6d47ae9dda376384d9de1ab3f7e3f2fdf2fd18a871a2d7
  stringio (3.2.0) sha256=c37cb2e58b4ffbd33fe5cd948c05934af997b36e0b6ca6fdf43afa234cf222e1
  temple (0.10.4) sha256=b7a1e94b6f09038ab0b6e4fe0126996055da2c38bec53a8a336f075748fff72c
  thor (1.5.0) sha256=e3a9e55fe857e44859ce104a84675ab6e8cd59c650a49106a05f55f136425e73
  tilt (2.7.0) sha256=0d5b9ba69f6a36490c64b0eee9f6e9aad517e20dcc848800a06eb116f08c6ab3
  tsort (0.2.0) sha256=9650a793f6859a43b6641671278f79cfead60ac714148aabe4e3f0060480089f
  uuidtools (3.0.0) sha256=47a3d4d20e728f522c675be8bc4e001252db39864c97deb194dc543b153a4be8
  version_gem (1.1.9) sha256=0c1a0962ae543c84a00889bb018d9f14d8f8af6029d26b295d98774e3d2eb9a4

BUNDLED WITH
  4.0.4
